
Microsoft Visual Studio Solution File, Format Version 12.00
# Visual Studio Version 17
VisualStudioVersion = 17.13.35931.197 d17.13
MinimumVisualStudioVersion = 10.0.40219.1
Project("{FAE04EC0-301F-11D3-BF4B-00C04F79EFBC}") = "AuditRequests", "AuditRequests\AuditRequests.csproj", "{18F6AEC5-0ADD-4883-83B8-77CDEC8317F0}"
EndProject
Global
	GlobalSection(SolutionConfigurationPlatforms) = preSolution
		Debug|Any CPU = Debug|Any CPU
		Release|Any CPU = Release|Any CPU
	EndGlobalSection
	GlobalSection(ProjectConfigurationPlatforms) = postSolution
		{18F6AEC5-0ADD-4883-83B8-77CDEC8317F0}.Debug|Any CPU.ActiveCfg = Debug|Any CPU
		{18F6AEC5-0ADD-4883-83B8-77CDEC8317F0}.Debug|Any CPU.Build.0 = Debug|Any CPU
		{18F6AEC5-0ADD-4883-83B8-77CDEC8317F0}.Release|Any CPU.ActiveCfg = Release|Any CPU
		{18F6AEC5-0ADD-4883-83B8-77CDEC8317F0}.Release|Any CPU.Build.0 = Release|Any CPU
	EndGlobalSection
	GlobalSection(SolutionProperties) = preSolution
		HideSolutionNode = FALSE
	EndGlobalSection
	GlobalSection(ExtensibilityGlobals) = postSolution
		SolutionGuid = {2E33AB80-4AFC-44A0-BDAA-B1C4A2D59255}
	EndGlobalSection
EndGlobal
